
Microsoft Visual Studio Solution File, Format Version 12.00
# Visual Studio Version 17
VisualStudioVersion = 17.0.32014.148
MinimumVisualStudioVersion = 10.0.40219.1
Project("{FAE04EC0-301F-11D3-BF4B-00C04F79EFBC}") = "RegixPattern", "RegixPattern\RegixPattern.csproj", "{BB3040E9-34EC-4B37-BD91-F3B97AE3B2EF}"
EndProject
Global
	GlobalSection(SolutionConfigurationPlatforms) = preSolution
		Debug|Any CPU = Debug|Any CPU
		Release|Any CPU = Release|Any CPU
	EndGlobalSection
	GlobalSection(ProjectConfigurationPlatforms) = postSolution
		{BB3040E9-34EC-4B37-BD91-F3B97AE3B2EF}.Debug|Any CPU.ActiveCfg = Debug|Any CPU
		{BB3040E9-34EC-4B37-BD91-F3B97AE3B2EF}.Debug|Any CPU.Build.0 = Debug|Any CPU
		{BB3040E9-34EC-4B37-BD91-F3B97AE3B2EF}.Release|Any CPU.ActiveCfg = Release|Any CPU
		{BB3040E9-34EC-4B37-BD91-F3B97AE3B2EF}.Release|Any CPU.Build.0 = Release|Any CPU
	EndGlobalSection
	GlobalSection(SolutionProperties) = preSolution
		HideSolutionNode = FALSE
	EndGlobalSection
	GlobalSection(ExtensibilityGlobals) = postSolution
		SolutionGuid = {D019B6F4-EBF8-48C1-9318-CC623580AF86}
	EndGlobalSection
EndGlobal
